// !$*UTF8*$!
{
	archiveVersion = 1;
	classes = {
	};
	objectVersion = 48;
	objects = {

/* Begin PBXBuildFile section */
		335F833020808BB900FB34BB /* AppDelegate.m in Sources */ = {isa = PBXBuildFile; fileRef = 335F832F20808BB900FB34BB /* AppDelegate.m */; };
		335F833320808BB900FB34BB /* ViewController.m in Sources */ = {isa = PBXBuildFile; fileRef = 335F833220808BB900FB34BB /* ViewController.m */; };
		335F833620808BB900FB34BB /* Main.storyboard in Resources */ = {isa = PBXBuildFile; fileRef = 335F833420808BB900FB34BB /* Main.storyboard */; };
		335F833820808BB900FB34BB /* Assets.xcassets in Resources */ = {isa = PBXBuildFile; fileRef = 335F833720808BB900FB34BB /* Assets.xcassets */; };
		335F833B20808BB900FB34BB /* LaunchScreen.storyboard in Resources */ = {isa = PBXBuildFile; fileRef = 335F833920808BB900FB34BB /* LaunchScreen.storyboard */; };
		335F833E20808BB900FB34BB /* main.m in Sources */ = {isa = PBXBuildFile; fileRef = 335F833D20808BB900FB34BB /* main.m */; };
		335F834820808BB900FB34BB /* ImageBounceTests.m in Sources */ = {isa = PBXBuildFile; fileRef = 335F834720808BB900FB34BB /* ImageBounceTests.m */; };
		335F835320808BB900FB34BB /* ImageBounceUITests.m in Sources */ = {isa = PBXBuildFile; fileRef = 335F835220808BB900FB34BB /* ImageBounceUITests.m */; };
/* End PBXBuildFile section */

/* Begin PBXContainerItemProxy section */
		335F834420808BB900FB34BB /* PBXContainerItemProxy */ = {
			isa = PBXContainerItemProxy;
			containerPortal = 335F832320808BB900FB34BB /* Project object */;
			proxyType = 1;
			remoteGlobalIDString = 335F832A20808BB900FB34BB;
			remoteInfo = ImageBounce;
		};
		335F834F20808BB900FB34BB /* PBXContainerItemProxy */ = {
			isa = PBXContainerItemProxy;
			containerPortal = 335F832320808BB900FB34BB /* Project object */;
			proxyType = 1;
			remoteGlobalIDString = 335F832A20808BB900FB34BB;
			remoteInfo = ImageBounce;
		};
/* End PBXContainerItemProxy section */

/* Begin PBXFileReference section */
		335F832B20808BB900FB34BB /* ImageBounce.app */ = {isa = PBXFileReference; explicitFileType = wrapper.application; includeInIndex = 0; path = ImageBounce.app; sourceTree = BUILT_PRODUCTS_DIR; };
		335F832E20808BB900FB34BB /* AppDelegate.h */ = {isa = PBXFileReference; lastKnownFileType = sourcecode.c.h; path = AppDelegate.h; sourceTree = "<group>"; };
		335F832F20808BB900FB34BB /* AppDelegate.m */ = {isa = PBXFileReference; lastKnownFileType = sourcecode.c.objc; path = AppDelegate.m; sourceTree = "<group>"; };
		335F833120808BB900FB34BB /* ViewController.h */ = {isa = PBXFileReference; lastKnownFileType = sourcecode.c.h; path = ViewController.h; sourceTree = "<group>"; };
		335F833220808BB900FB34BB /* ViewController.m */ = {isa = PBXFileReference; lastKnownFileType = sourcecode.c.objc; path = ViewController.m; sourceTree = "<group>"; };
		335F833520808BB900FB34BB /* Base */ = {isa = PBXFileReference; lastKnownFileType = file.storyboard; name = Base; path = Base.lproj/Main.storyboard; sourceTree = "<group>"; };
		335F833720808BB900FB34BB /* Assets.xcassets */ = {isa = PBXFileReference; lastKnownFileType = folder.assetcatalog; path = Assets.xcassets; sourceTree = "<group>"; };
		335F833A20808BB900FB34BB /* Base */ = {isa = PBXFileReference; lastKnownFileType = file.storyboard; name = Base; path = Base.lproj/LaunchScreen.storyboard; sourceTree = "<group>"; };
		335F833C20808BB900FB34BB /* Info.plist */ = {isa = PBXFileReference; lastKnownFileType = text.plist.xml; path = Info.plist; sourceTree = "<group>"; };
		335F833D20808BB900FB34BB /* main.m */ = {isa = PBXFileReference; lastKnownFileType = sourcecode.c.objc; path = main.m; sourceTree = "<group>"; };
		335F834320808BB900FB34BB /* ImageBounceTests.xctest */ = {isa = PBXFileReference; explicitFileType = wrapper.cfbundle; includeInIndex = 0; path = ImageBounceTests.xctest; sourceTree = BUILT_PRODUCTS_DIR; };
		335F834720808BB900FB34BB /* ImageBounceTests.m */ = {isa = PBXFileReference; lastKnownFileType = sourcecode.c.objc; path = ImageBounceTests.m; sourceTree = "<group>"; };
		335F834920808BB900FB34BB /* Info.plist */ = {isa = PBXFileReference; lastKnownFileType = text.plist.xml; path = Info.plist; sourceTree = "<group>"; };
		335F834E20808BB900FB34BB /* ImageBounceUITests.xctest */ = {isa = PBXFileReference; explicitFileType = wrapper.cfbundle; includeInIndex = 0; path = ImageBounceUITests.xctest; sourceTree = BUILT_PRODUCTS_DIR; };
		335F835220808BB900FB34BB /* ImageBounceUITests.m */ = {isa = PBXFileReference; lastKnownFileType = sourcecode.c.objc; path = ImageBounceUITests.m; sourceTree = "<group>"; };
		335F835420808BB900FB34BB /* Info.plist */ = {isa = PBXFileReference; lastKnownFileType = text.plist.xml; path = Info.plist; sourceTree = "<group>"; };
		338789752084785900B94D8D /* ViewMacro.h */ = {isa = PBXFileReference; fileEncoding = 4; lastKnownFileType = sourcecode.c.h; path = ViewMacro.h; sourceTree = "<group>"; };
/* End PBXFileReference section */

/* Begin PBXFrameworksBuildPhase section */
		335F832820808BB900FB34BB /* Frameworks */ = {
			isa = PBXFrameworksBuildPhase;
			buildActionMask = 2147483647;
			files = (
			);
			runOnlyForDeploymentPostprocessing = 0;
		};
		335F834020808BB900FB34BB /* Frameworks */ = {
			isa = PBXFrameworksBuildPhase;
			buildActionMask = 2147483647;
			files = (
			);
			runOnlyForDeploymentPostprocessing = 0;
		};
		335F834B20808BB900FB34BB /* Frameworks */ = {
			isa = PBXFrameworksBuildPhase;
			buildActionMask = 2147483647;
			files = (
			);
			runOnlyForDeploymentPostprocessing = 0;
		};
/* End PBXFrameworksBuildPhase section */

/* Begin PBXGroup section */
		335F832220808BB900FB34BB = {
			isa = PBXGroup;
			children = (
				335F832D20808BB900FB34BB /* ImageBounce */,
				335F834620808BB900FB34BB /* ImageBounceTests */,
				335F835120808BB900FB34BB /* ImageBounceUITests */,
				335F832C20808BB900FB34BB /* Products */,
			);
			sourceTree = "<group>";
		};
		335F832C20808BB900FB34BB /* Products */ = {
			isa = PBXGroup;
			children = (
				335F832B20808BB900FB34BB /* ImageBounce.app */,
				335F834320808BB900FB34BB /* ImageBounceTests.xctest */,
				335F834E20808BB900FB34BB /* ImageBounceUITests.xctest */,
			);
			name = Products;
			sourceTree = "<group>";
		};
		335F832D20808BB900FB34BB /* ImageBounce */ = {
			isa = PBXGroup;
			children = (
				335F832E20808BB900FB34BB /* AppDelegate.h */,
				335F832F20808BB900FB34BB /* AppDelegate.m */,
				335F833120808BB900FB34BB /* ViewController.h */,
				335F833220808BB900FB34BB /* ViewController.m */,
				338789752084785900B94D8D /* ViewMacro.h */,
				335F833420808BB900FB34BB /* Main.storyboard */,
				335F833720808BB900FB34BB /* Assets.xcassets */,
				335F833920808BB900FB34BB /* LaunchScreen.storyboard */,
				335F833C20808BB900FB34BB /* Info.plist */,
				335F833D20808BB900FB34BB /* main.m */,
			);
			path = ImageBounce;
			sourceTree = "<group>";
		};
		335F834620808BB900FB34BB /* ImageBounceTests */ = {
			isa = PBXGroup;
			children = (
				335F834720808BB900FB34BB /* ImageBounceTests.m */,
				335F834920808BB900FB34BB /* Info.plist */,
			);
			path = ImageBounceTests;
			sourceTree = "<group>";
		};
		335F835120808BB900FB34BB /* ImageBounceUITests */ = {
			isa = PBXGroup;
			children = (
				335F835220808BB900FB34BB /* ImageBounceUITests.m */,
				335F835420808BB900FB34BB /* Info.plist */,
			);
			path = ImageBounceUITests;
			sourceTree = "<group>";
		};
/* End PBXGroup section */

/* Begin PBXNativeTarget section */
		335F832A20808BB900FB34BB /* ImageBounce */ = {
			isa = PBXNativeTarget;
			buildConfigurationList = 335F835720808BB900FB34BB /* Build configuration list for PBXNativeTarget "ImageBounce" */;
			buildPhases = (
				335F832720808BB900FB34BB /* Sources */,
				335F832820808BB900FB34BB /* Frameworks */,
				335F832920808BB900FB34BB /* Resources */,
			);
			buildRules = (
			);
			dependencies = (
			);
			name = ImageBounce;
			productName = ImageBounce;
			productReference = 335F832B20808BB900FB34BB /* ImageBounce.app */;
			productType = "com.apple.product-type.application";
		};
		335F834220808BB900FB34BB /* ImageBounceTests */ = {
			isa = PBXNativeTarget;
			buildConfigurationList = 335F835A20808BB900FB34BB /* Build configuration list for PBXNativeTarget "ImageBounceTests" */;
			buildPhases = (
				335F833F20808BB900FB34BB /* Sources */,
				335F834020808BB900FB34BB /* Frameworks */,
				335F834120808BB900FB34BB /* Resources */,
			);
			buildRules = (
			);
			dependencies = (
				335F834520808BB900FB34BB /* PBXTargetDependency */,
			);
			name = ImageBounceTests;
			productName = ImageBounceTests;
			productReference = 335F834320808BB900FB34BB /* ImageBounceTests.xctest */;
			productType = "com.apple.product-type.bundle.unit-test";
		};
		335F834D20808BB900FB34BB /* ImageBounceUITests */ = {
			isa = PBXNativeTarget;
			buildConfigurationList = 335F835D20808BB900FB34BB /* Build configuration list for PBXNativeTarget "ImageBounceUITests" */;
			buildPhases = (
				335F834A20808BB900FB34BB /* Sources */,
				335F834B20808BB900FB34BB /* Frameworks */,
				335F834C20808BB900FB34BB /* Resources */,
			);
			buildRules = (
			);
			dependencies = (
				335F835020808BB900FB34BB /* PBXTargetDependency */,
			);
			name = ImageBounceUITests;
			productName = ImageBounceUITests;
			productReference = 335F834E20808BB900FB34BB /* ImageBounceUITests.xctest */;
			productType = "com.apple.product-type.bundle.ui-testing";
		};
/* End PBXNativeTarget section */

/* Begin PBXProject section */
		335F832320808BB900FB34BB /* Project object */ = {
			isa = PBXProject;
			attributes = {
				LastUpgradeCheck = 0920;
				ORGANIZATIONNAME = WCL;
				TargetAttributes = {
					335F832A20808BB900FB34BB = {
						CreatedOnToolsVersion = 9.2;
						ProvisioningStyle = Automatic;
					};
					335F834220808BB900FB34BB = {
						CreatedOnToolsVersion = 9.2;
						ProvisioningStyle = Automatic;
						TestTargetID = 335F832A20808BB900FB34BB;
					};
					335F834D20808BB900FB34BB = {
						CreatedOnToolsVersion = 9.2;
						ProvisioningStyle = Automatic;
						TestTargetID = 335F832A20808BB900FB34BB;
					};
				};
			};
			buildConfigurationList = 335F832620808BB900FB34BB /* Build configuration list for PBXProject "ImageBounce" */;
			compatibilityVersion = "Xcode 8.0";
			developmentRegion = en;
			hasScannedForEncodings = 0;
			knownRegions = (
				en,
				Base,
			);
			mainGroup = 335F832220808BB900FB34BB;
			productRefGroup = 335F832C20808BB900FB34BB /* Products */;
			projectDirPath = "";
			projectRoot = "";
			targets = (
				335F832A20808BB900FB34BB /* ImageBounce */,
				335F834220808BB900FB34BB /* ImageBounceTests */,
				335F834D20808BB900FB34BB /* ImageBounceUITests */,
			);
		};
/* End PBXProject section */

/* Begin PBXResourcesBuildPhase section */
		335F832920808BB900FB34BB /* Resources */ = {
			isa = PBXResourcesBuildPhase;
			buildActionMask = 2147483647;
			files = (
				335F833B20808BB900FB34BB /* LaunchScreen.storyboard in Resources */,
				335F833820808BB900FB34BB /* Assets.xcassets in Resources */,
				335F833620808BB900FB34BB /* Main.storyboard in Resources */,
			);
			runOnlyForDeploymentPostprocessing = 0;
		};
		335F834120808BB900FB34BB /* Resources */ = {
			isa = PBXResourcesBuildPhase;
			buildActionMask = 2147483647;
			files = (
			);
			runOnlyForDeploymentPostprocessing = 0;
		};
		335F834C20808BB900FB34BB /* Resources */ = {
			isa = PBXResourcesBuildPhase;
			buildActionMask = 2147483647;
			files = (
			);
			runOnlyForDeploymentPostprocessing = 0;
		};
/* End PBXResourcesBuildPhase section */

/* Begin PBXSourcesBuildPhase section */
		335F832720808BB900FB34BB /* Sources */ = {
			isa = PBXSourcesBuildPhase;
			buildActionMask = 2147483647;
			files = (
				335F833320808BB900FB34BB /* ViewController.m in Sources */,
				335F833E20808BB900FB34BB /* main.m in Sources */,
				335F833020808BB900FB34BB /* AppDelegate.m in Sources */,
			);
			runOnlyForDeploymentPostprocessing = 0;
		};
		335F833F20808BB900FB34BB /* Sources */ = {
			isa = PBXSourcesBuildPhase;
			buildActionMask = 2147483647;
			files = (
				335F834820808BB900FB34BB /* ImageBounceTests.m in Sources */,
			);
			runOnlyForDeploymentPostprocessing = 0;
		};
		335F834A20808BB900FB34BB /* Sources */ = {
			isa = PBXSourcesBuildPhase;
			buildActionMask = 2147483647;
			files = (
				335F835320808BB900FB34BB /* ImageBounceUITests.m in Sources */,
			);
			runOnlyForDeploymentPostprocessing = 0;
		};
/* End PBXSourcesBuildPhase section */

/* Begin PBXTargetDependency section */
		335F834520808BB900FB34BB /* PBXTargetDependency */ = {
			isa = PBXTargetDependency;
			target = 335F832A20808BB900FB34BB /* ImageBounce */;
			targetProxy = 335F834420808BB900FB34BB /* PBXContainerItemProxy */;
		};
		335F835020808BB900FB34BB /* PBXTargetDependency */ = {
			isa = PBXTargetDependency;
			target = 335F832A20808BB900FB34BB /* ImageBounce */;
			targetProxy = 335F834F20808BB900FB34BB /* PBXContainerItemProxy */;
		};
/* End PBXTargetDependency section */

/* Begin PBXVariantGroup section */
		335F833420808BB900FB34BB /* Main.storyboard */ = {
			isa = PBXVariantGroup;
			children = (
				335F833520808BB900FB34BB /* Base */,
			);
			name = Main.storyboard;
			sourceTree = "<group>";
		};
		335F833920808BB900FB34BB /* LaunchScreen.storyboard */ = {
			isa = PBXVariantGroup;
			children = (
				335F833A20808BB900FB34BB /* Base */,
			);
			name = LaunchScreen.storyboard;
			sourceTree = "<group>";
		};
/* End PBXVariantGroup section */

/* Begin XCBuildConfiguration section */
		335F835520808BB900FB34BB /* Debug */ = {
			isa = XCBuildConfiguration;
			buildSettings = {
				ALWAYS_SEARCH_USER_PATHS = NO;
				CLANG_ANALYZER_NONNULL = YES;
				CLANG_ANALYZER_NUMBER_OBJECT_CONVERSION = YES_AGGRESSIVE;
				CLANG_CXX_LANGUAGE_STANDARD = "gnu++14";
				CLANG_CXX_LIBRARY = "libc++";
				CLANG_ENABLE_MODULES = YES;
				CLANG_ENABLE_OBJC_ARC = YES;
				CLANG_WARN_BLOCK_CAPTURE_AUTORELEASING = YES;
				CLANG_WARN_BOOL_CONVERSION = YES;
				CLANG_WARN_COMMA = YES;
				CLANG_WARN_CONSTANT_CONVERSION = YES;
				CLANG_WARN_DIRECT_OBJC_ISA_USAGE = YES_ERROR;
				CLANG_WARN_DOCUMENTATION_COMMENTS = YES;
				CLANG_WARN_EMPTY_BODY = YES;
				CLANG_WARN_ENUM_CONVERSION = YES;
				CLANG_WARN_INFINITE_RECURSION = YES;
				CLANG_WARN_INT_CONVERSION = YES;
				CLANG_WARN_NON_LITERAL_NULL_CONVERSION = YES;
				CLANG_WARN_OBJC_LITERAL_CONVERSION = YES;
				CLANG_WARN_OBJC_ROOT_CLASS = YES_ERROR;
				CLANG_WARN_RANGE_LOOP_ANALYSIS = YES;
				CLANG_WARN_STRICT_PROTOTYPES = YES;
				CLANG_WARN_SUSPICIOUS_MOVE = YES;
				CLANG_WARN_UNGUARDED_AVAILABILITY = YES_AGGRESSIVE;
				CLANG_WARN_UNREACHABLE_CODE = YES;
				CLANG_WARN__DUPLICATE_METHOD_MATCH = YES;
				CODE_SIGN_IDENTITY = "iPhone Developer";
				COPY_PHASE_STRIP = NO;
				DEBUG_INFORMATION_FORMAT = dwarf;
				ENABLE_STRICT_OBJC_MSGSEND = YES;
				ENABLE_TESTABILITY = YES;
				GCC_C_LANGUAGE_STANDARD = gnu11;
				GCC_DYNAMIC_NO_PIC = NO;
				GCC_NO_COMMON_BLOCKS = YES;
				GCC_OPTIMIZATION_LEVEL = 0;
				GCC_PREPROCESSOR_DEFINITIONS = (
					"DEBUG=1",
					"$(inherited)",
				);
				GCC_WARN_64_TO_32_BIT_CONVERSION = YES;
				GCC_WARN_ABOUT_RETURN_TYPE = YES_ERROR;
				GCC_WARN_UNDECLARED_SELECTOR = YES;
				GCC_WARN_UNINITIALIZED_AUTOS = YES_AGGRESSIVE;
				GCC_WARN_UNUSED_FUNCTION = YES;
				GCC_WARN_UNUSED_VARIABLE = YES;
				IPHONEOS_DEPLOYMENT_TARGET = 11.2;
				MTL_ENABLE_DEBUG_INFO = YES;
				ONLY_ACTIVE_ARCH = YES;
				SDKROOT = iphoneos;
			};
			name = Debug;
		};
		335F835620808BB900FB34BB /* Release */ = {
			isa = XCBuildConfiguration;
			buildSettings = {
				ALWAYS_SEARCH_USER_PATHS = NO;
				CLANG_ANALYZER_NONNULL = YES;
				CLANG_ANALYZER_NUMBER_OBJECT_CONVERSION = YES_AGGRESSIVE;
				CLANG_CXX_LANGUAGE_STANDARD = "gnu++14";
				CLANG_CXX_LIBRARY = "libc++";
				CLANG_ENABLE_MODULES = YES;
				CLANG_ENABLE_OBJC_ARC = YES;
				CLANG_WARN_BLOCK_CAPTURE_AUTORELEASING = YES;
				CLANG_WARN_BOOL_CONVERSION = YES;
				CLANG_WARN_COMMA = YES;
				CLANG_WARN_CONSTANT_CONVERSION = YES;
				CLANG_WARN_DIRECT_OBJC_ISA_USAGE = YES_ERROR;
				CLANG_WARN_DOCUMENTATION_COMMENTS = YES;
				CLANG_WARN_EMPTY_BODY = YES;
				CLANG_WARN_ENUM_CONVERSION = YES;
				CLANG_WARN_INFINITE_RECURSION = YES;
				CLANG_WARN_INT_CONVERSION = YES;
				CLANG_WARN_NON_LITERAL_NULL_CONVERSION = YES;
				CLANG_WARN_OBJC_LITERAL_CONVERSION = YES;
				CLANG_WARN_OBJC_ROOT_CLASS = YES_ERROR;
				CLANG_WARN_RANGE_LOOP_ANALYSIS = YES;
				CLANG_WARN_STRICT_PROTOTYPES = YES;
				CLANG_WARN_SUSPICIOUS_MOVE = YES;
				CLANG_WARN_UNGUARDED_AVAILABILITY = YES_AGGRESSIVE;
				CLANG_WARN_UNREACHABLE_CODE = YES;
				CLANG_WARN__DUPLICATE_METHOD_MATCH = YES;
				CODE_SIGN_IDENTITY = "iPhone Developer";
				COPY_PHASE_STRIP = NO;
				DEBUG_INFORMATION_FORMAT = "dwarf-with-dsym";
				ENABLE_NS_ASSERTIONS = NO;
				ENABLE_STRICT_OBJC_MSGSEND = YES;
				GCC_C_LANGUAGE_STANDARD = gnu11;
				GCC_NO_COMMON_BLOCKS = YES;
				GCC_WARN_64_TO_32_BIT_CONVERSION = YES;
				GCC_WARN_ABOUT_RETURN_TYPE = YES_ERROR;
				GCC_WARN_UNDECLARED_SELECTOR = YES;
				GCC_WARN_UNINITIALIZED_AUTOS = YES_AGGRESSIVE;
				GCC_WARN_UNUSED_FUNCTION = YES;
				GCC_WARN_UNUSED_VARIABLE = YES;
				IPHONEOS_DEPLOYMENT_TARGET = 11.2;
				MTL_ENABLE_DEBUG_INFO = NO;
				SDKROOT = iphoneos;
				VALIDATE_PRODUCT = YES;
			};
			name = Release;
		};
		335F835820808BB900FB34BB /* Debug */ = {
			isa = XCBuildConfiguration;
			buildSettings = {
				ASSETCATALOG_COMPILER_APPICON_NAME = AppIcon;
				CODE_SIGN_STYLE = Automatic;
				INFOPLIST_FILE = ImageBounce/Info.plist;
				LD_RUNPATH_SEARCH_PATHS = "$(inherited) @executable_path/Frameworks";
				PRODUCT_BUNDLE_IDENTIFIER = xiaolei.ImageBounce;
				PRODUCT_NAME = "$(TARGET_NAME)";
				TARGETED_DEVICE_FAMILY = "1,2";
			};
			name = Debug;
		};
		335F835920808BB900FB34BB /* Release */ = {
			isa = XCBuildConfiguration;
			buildSettings = {
				ASSETCATALOG_COMPILER_APPICON_NAME = AppIcon;
				CODE_SIGN_STYLE = Automatic;
				INFOPLIST_FILE = ImageBounce/Info.plist;
				LD_RUNPATH_SEARCH_PATHS = "$(inherited) @executable_path/Frameworks";
				PRODUCT_BUNDLE_IDENTIFIER = xiaolei.ImageBounce;
				PRODUCT_NAME = "$(TARGET_NAME)";
				TARGETED_DEVICE_FAMILY = "1,2";
			};
			name = Release;
		};
		335F835B20808BB900FB34BB /* Debug */ = {
			isa = XCBuildConfiguration;
			buildSettings = {
				BUNDLE_LOADER = "$(TEST_HOST)";
				CODE_SIGN_STYLE = Automatic;
				INFOPLIST_FILE = ImageBounceTests/Info.plist;
				LD_RUNPATH_SEARCH_PATHS = "$(inherited) @executable_path/Frameworks @loader_path/Frameworks";
				PRODUCT_BUNDLE_IDENTIFIER = xiaolei.ImageBounceTests;
				PRODUCT_NAME = "$(TARGET_NAME)";
				TARGETED_DEVICE_FAMILY = "1,2";
				TEST_HOST = "$(BUILT_PRODUCTS_DIR)/ImageBounce.app/ImageBounce";
			};
			name = Debug;
		};
		335F835C20808BB900FB34BB /* Release */ = {
			isa = XCBuildConfiguration;
			buildSettings = {
				BUNDLE_LOADER = "$(TEST_HOST)";
				CODE_SIGN_STYLE = Automatic;
				INFOPLIST_FILE = ImageBounceTests/Info.plist;
				LD_RUNPATH_SEARCH_PATHS = "$(inherited) @executable_path/Frameworks @loader_path/Frameworks";
				PRODUCT_BUNDLE_IDENTIFIER = xiaolei.ImageBounceTests;
				PRODUCT_NAME = "$(TARGET_NAME)";
				TARGETED_DEVICE_FAMILY = "1,2";
				TEST_HOST = "$(BUILT_PRODUCTS_DIR)/ImageBounce.app/ImageBounce";
			};
			name = Release;
		};
		335F835E20808BB900FB34BB /* Debug */ = {
			isa = XCBuildConfiguration;
			buildSettings = {
				CODE_SIGN_STYLE = Automatic;
				INFOPLIST_FILE = ImageBounceUITests/Info.plist;
				LD_RUNPATH_SEARCH_PATHS = "$(inherited) @executable_path/Frameworks @loader_path/Frameworks";
				PRODUCT_BUNDLE_IDENTIFIER = xiaolei.ImageBounceUITests;
				PRODUCT_NAME = "$(TARGET_NAME)";
				TARGETED_DEVICE_FAMILY = "1,2";
				TEST_TARGET_NAME = ImageBounce;
			};
			name = Debug;
		};
		335F835F20808BB900FB34BB /* Release */ = {
			isa = XCBuildConfiguration;
			buildSettings = {
				CODE_SIGN_STYLE = Automatic;
				INFOPLIST_FILE = ImageBounceUITests/Info.plist;
				LD_RUNPATH_SEARCH_PATHS = "$(inherited) @executable_path/Frameworks @loader_path/Frameworks";
				PRODUCT_BUNDLE_IDENTIFIER = xiaolei.ImageBounceUITests;
				PRODUCT_NAME = "$(TARGET_NAME)";
				TARGETED_DEVICE_FAMILY = "1,2";
				TEST_TARGET_NAME = ImageBounce;
			};
			name = Release;
		};
/* End XCBuildConfiguration section */

/* Begin XCConfigurationList section */
		335F832620808BB900FB34BB /* Build configuration list for PBXProject "ImageBounce" */ = {
			isa = XCConfigurationList;
			buildConfigurations = (
				335F835520808BB900FB34BB /* Debug */,
				335F835620808BB900FB34BB /* Release */,
			);
			defaultConfigurationIsVisible = 0;
			defaultConfigurationName = Release;
		};
		335F835720808BB900FB34BB /* Build configuration list for PBXNativeTarget "ImageBounce" */ = {
			isa = XCConfigurationList;
			buildConfigurations = (
				335F835820808BB900FB34BB /* Debug */,
				335F835920808BB900FB34BB /* Release */,
			);
			defaultConfigurationIsVisible = 0;
			defaultConfigurationName = Release;
		};
		335F835A20808BB900FB34BB /* Build configuration list for PBXNativeTarget "ImageBounceTests" */ = {
			isa = XCConfigurationList;
			buildConfigurations = (
				335F835B20808BB900FB34BB /* Debug */,
				335F835C20808BB900FB34BB /* Release */,
			);
			defaultConfigurationIsVisible = 0;
			defaultConfigurationName = Release;
		};
		335F835D20808BB900FB34BB /* Build configuration list for PBXNativeTarget "ImageBounceUITests" */ = {
			isa = XCConfigurationList;
			buildConfigurations = (
				335F835E20808BB900FB34BB /* Debug */,
				335F835F20808BB900FB34BB /* Release */,
			);
			defaultConfigurationIsVisible = 0;
			defaultConfigurationName = Release;
		};
/* End XCConfigurationList section */
	};
	rootObject = 335F832320808BB900FB34BB /* Project object */;
}
